// !$*UTF8*$!
{
	archiveVersion = 1;
	classes = {
	};
	objectVersion = 46;
	objects = {

/* Begin PBXBuildFile section */
		0A33858B15B0D0A2007B702E /* UIKit.framework in Frameworks */ = {isa = PBXBuildFile; fileRef = 0A33858A15B0D0A2007B702E /* UIKit.framework */; };
		0A33858D15B0D0A2007B702E /* Foundation.framework in Frameworks */ = {isa = PBXBuildFile; fileRef = 0A33858C15B0D0A2007B702E /* Foundation.framework */; };
		0A33858F15B0D0A2007B702E /* CoreGraphics.framework in Frameworks */ = {isa = PBXBuildFile; fileRef = 0A33858E15B0D0A2007B702E /* CoreGraphics.framework */; };
		0A33859515B0D0A2007B702E /* InfoPlist.strings in Resources */ = {isa = PBXBuildFile; fileRef = 0A33859315B0D0A2007B702E /* InfoPlist.strings */; };
		0A33859715B0D0A2007B702E /* main.m in Sources */ = {isa = PBXBuildFile; fileRef = 0A33859615B0D0A2007B702E /* main.m */; };
		0A33859B15B0D0A2007B702E /* CPAppDelegate.m in Sources */ = {isa = PBXBuildFile; fileRef = 0A33859A15B0D0A2007B702E /* CPAppDelegate.m */; };
		0A33859E15B0D0A2007B702E /* CPViewController.m in Sources */ = {isa = PBXBuildFile; fileRef = 0A33859D15B0D0A2007B702E /* CPViewController.m */; };
		0A3385A115B0D0A2007B702E /* CPViewController_iPhone.xib in Resources */ = {isa = PBXBuildFile; fileRef = 0A33859F15B0D0A2007B702E /* CPViewController_iPhone.xib */; };
		0A3385A415B0D0A2007B702E /* CPViewController_iPad.xib in Resources */ = {isa = PBXBuildFile; fileRef = 0A3385A215B0D0A2007B702E /* CPViewController_iPad.xib */; };
		0A5B6EA515B3216600B86B0D /* ExamplePlist.plist in Resources */ = {isa = PBXBuildFile; fileRef = 0A5B6EA415B3216600B86B0D /* ExamplePlist.plist */; };
		0A5B6EA815B321B100B86B0D /* CPDictionaryProxy.m in Sources */ = {isa = PBXBuildFile; fileRef = 0A5B6EA715B321B100B86B0D /* CPDictionaryProxy.m */; };
/* End PBXBuildFile section */

/* Begin PBXFileReference section */
		0A33858615B0D0A2007B702E /* CPDictionaryProxyExample.app */ = {isa = PBXFileReference; explicitFileType = wrapper.application; includeInIndex = 0; path = CPDictionaryProxyExample.app; sourceTree = BUILT_PRODUCTS_DIR; };
		0A33858A15B0D0A2007B702E /* UIKit.framework */ = {isa = PBXFileReference; lastKnownFileType = wrapper.framework; name = UIKit.framework; path = System/Library/Frameworks/UIKit.framework; sourceTree = SDKROOT; };
		0A33858C15B0D0A2007B702E /* Foundation.framework */ = {isa = PBXFileReference; lastKnownFileType = wrapper.framework; name = Foundation.framework; path = System/Library/Frameworks/Foundation.framework; sourceTree = SDKROOT; };
		0A33858E15B0D0A2007B702E /* CoreGraphics.framework */ = {isa = PBXFileReference; lastKnownFileType = wrapper.framework; name = CoreGraphics.framework; path = System/Library/Frameworks/CoreGraphics.framework; sourceTree = SDKROOT; };
		0A33859215B0D0A2007B702E /* CPDictionaryProxyExample-Info.plist */ = {isa = PBXFileReference; lastKnownFileType = text.plist.xml; path = "CPDictionaryProxyExample-Info.plist"; sourceTree = "<group>"; };
		0A33859415B0D0A2007B702E /* en */ = {isa = PBXFileReference; lastKnownFileType = text.plist.strings; name = en; path = en.lproj/InfoPlist.strings; sourceTree = "<group>"; };
		0A33859615B0D0A2007B702E /* main.m */ = {isa = PBXFileReference; lastKnownFileType = sourcecode.c.objc; path = main.m; sourceTree = "<group>"; };
		0A33859815B0D0A2007B702E /* CPDictionaryProxyExample-Prefix.pch */ = {isa = PBXFileReference; lastKnownFileType = sourcecode.c.h; path = "CPDictionaryProxyExample-Prefix.pch"; sourceTree = "<group>"; };
		0A33859915B0D0A2007B702E /* CPAppDelegate.h */ = {isa = PBXFileReference; lastKnownFileType = sourcecode.c.h; path = CPAppDelegate.h; sourceTree = "<group>"; };
		0A33859A15B0D0A2007B702E /* CPAppDelegate.m */ = {isa = PBXFileReference; lastKnownFileType = sourcecode.c.objc; path = CPAppDelegate.m; sourceTree = "<group>"; };
		0A33859C15B0D0A2007B702E /* CPViewController.h */ = {isa = PBXFileReference; lastKnownFileType = sourcecode.c.h; path = CPViewController.h; sourceTree = "<group>"; };
		0A33859D15B0D0A2007B702E /* CPViewController.m */ = {isa = PBXFileReference; lastKnownFileType = sourcecode.c.objc; path = CPViewController.m; sourceTree = "<group>"; };
		0A3385A015B0D0A2007B702E /* en */ = {isa = PBXFileReference; lastKnownFileType = file.xib; name = en; path = en.lproj/CPViewController_iPhone.xib; sourceTree = "<group>"; };
		0A3385A315B0D0A2007B702E /* en */ = {isa = PBXFileReference; lastKnownFileType = file.xib; name = en; path = en.lproj/CPViewController_iPad.xib; sourceTree = "<group>"; };
		0A5B6EA415B3216600B86B0D /* ExamplePlist.plist */ = {isa = PBXFileReference; fileEncoding = 4; lastKnownFileType = text.plist.xml; path = ExamplePlist.plist; sourceTree = "<group>"; };
		0A5B6EA615B321B100B86B0D /* CPDictionaryProxy.h */ = {isa = PBXFileReference; fileEncoding = 4; lastKnownFileType = sourcecode.c.h; path = CPDictionaryProxy.h; sourceTree = "<group>"; };
		0A5B6EA715B321B100B86B0D /* CPDictionaryProxy.m */ = {isa = PBXFileReference; fileEncoding = 4; lastKnownFileType = sourcecode.c.objc; path = CPDictionaryProxy.m; sourceTree = "<group>"; };
		0A5B6EA915B337CF00B86B0D /* CPDictionaryProxy_ExamplePlist.h */ = {isa = PBXFileReference; fileEncoding = 4; lastKnownFileType = sourcecode.c.h; path = CPDictionaryProxy_ExamplePlist.h; sourceTree = "<group>"; };
/* End PBXFileReference section */

/* Begin PBXFrameworksBuildPhase section */
		0A33858315B0D0A2007B702E /* Frameworks */ = {
			isa = PBXFrameworksBuildPhase;
			buildActionMask = 2147483647;
			files = (
				0A33858B15B0D0A2007B702E /* UIKit.framework in Frameworks */,
				0A33858D15B0D0A2007B702E /* Foundation.framework in Frameworks */,
				0A33858F15B0D0A2007B702E /* CoreGraphics.framework in Frameworks */,
			);
			runOnlyForDeploymentPostprocessing = 0;
		};
/* End PBXFrameworksBuildPhase section */

/* Begin PBXGroup section */
		0A33857B15B0D0A2007B702E = {
			isa = PBXGroup;
			children = (
				0A3385AA15B0D6E8007B702E /* CPDictionaryProxy */,
				0A5B6EA315B3216600B86B0D /* CPExamplePlist */,
				0A33859015B0D0A2007B702E /* CPDictionaryProxyExample */,
				0A33858915B0D0A2007B702E /* Frameworks */,
				0A33858715B0D0A2007B702E /* Products */,
			);
			sourceTree = "<group>";
		};
		0A33858715B0D0A2007B702E /* Products */ = {
			isa = PBXGroup;
			children = (
				0A33858615B0D0A2007B702E /* CPDictionaryProxyExample.app */,
			);
			name = Products;
			sourceTree = "<group>";
		};
		0A33858915B0D0A2007B702E /* Frameworks */ = {
			isa = PBXGroup;
			children = (
				0A33858A15B0D0A2007B702E /* UIKit.framework */,
				0A33858C15B0D0A2007B702E /* Foundation.framework */,
				0A33858E15B0D0A2007B702E /* CoreGraphics.framework */,
			);
			name = Frameworks;
			sourceTree = "<group>";
		};
		0A33859015B0D0A2007B702E /* CPDictionaryProxyExample */ = {
			isa = PBXGroup;
			children = (
				0A33859915B0D0A2007B702E /* CPAppDelegate.h */,
				0A33859A15B0D0A2007B702E /* CPAppDelegate.m */,
				0A33859C15B0D0A2007B702E /* CPViewController.h */,
				0A33859D15B0D0A2007B702E /* CPViewController.m */,
				0A33859F15B0D0A2007B702E /* CPViewController_iPhone.xib */,
				0A3385A215B0D0A2007B702E /* CPViewController_iPad.xib */,
				0A33859115B0D0A2007B702E /* Supporting Files */,
			);
			path = CPDictionaryProxyExample;
			sourceTree = "<group>";
		};
		0A33859115B0D0A2007B702E /* Supporting Files */ = {
			isa = PBXGroup;
			children = (
				0A33859215B0D0A2007B702E /* CPDictionaryProxyExample-Info.plist */,
				0A33859315B0D0A2007B702E /* InfoPlist.strings */,
				0A33859615B0D0A2007B702E /* main.m */,
				0A33859815B0D0A2007B702E /* CPDictionaryProxyExample-Prefix.pch */,
			);
			name = "Supporting Files";
			sourceTree = "<group>";
		};
		0A3385AA15B0D6E8007B702E /* CPDictionaryProxy */ = {
			isa = PBXGroup;
			children = (
				0A5B6EA615B321B100B86B0D /* CPDictionaryProxy.h */,
				0A5B6EA715B321B100B86B0D /* CPDictionaryProxy.m */,
			);
			path = CPDictionaryProxy;
			sourceTree = "<group>";
		};
		0A5B6EA315B3216600B86B0D /* CPExamplePlist */ = {
			isa = PBXGroup;
			children = (
				0A5B6EA415B3216600B86B0D /* ExamplePlist.plist */,
				0A5B6EA915B337CF00B86B0D /* CPDictionaryProxy_ExamplePlist.h */,
			);
			path = CPExamplePlist;
			sourceTree = "<group>";
		};
/* End PBXGroup section */

/* Begin PBXNativeTarget section */
		0A33858515B0D0A2007B702E /* CPDictionaryProxyExample */ = {
			isa = PBXNativeTarget;
			buildConfigurationList = 0A3385A715B0D0A2007B702E /* Build configuration list for PBXNativeTarget "CPDictionaryProxyExample" */;
			buildPhases = (
				0A33858215B0D0A2007B702E /* Sources */,
				0A33858315B0D0A2007B702E /* Frameworks */,
				0A33858415B0D0A2007B702E /* Resources */,
			);
			buildRules = (
			);
			dependencies = (
			);
			name = CPDictionaryProxyExample;
			productName = CPDictionaryProxyExample;
			productReference = 0A33858615B0D0A2007B702E /* CPDictionaryProxyExample.app */;
			productType = "com.apple.product-type.application";
		};
/* End PBXNativeTarget section */

/* Begin PBXProject section */
		0A33857D15B0D0A2007B702E /* Project object */ = {
			isa = PBXProject;
			attributes = {
				CLASSPREFIX = CP;
				LastUpgradeCheck = 0430;
				ORGANIZATIONNAME = Compeople;
			};
			buildConfigurationList = 0A33858015B0D0A2007B702E /* Build configuration list for PBXProject "CPDictionaryProxyExample" */;
			compatibilityVersion = "Xcode 3.2";
			developmentRegion = English;
			hasScannedForEncodings = 0;
			knownRegions = (
				en,
			);
			mainGroup = 0A33857B15B0D0A2007B702E;
			productRefGroup = 0A33858715B0D0A2007B702E /* Products */;
			projectDirPath = "";
			projectRoot = "";
			targets = (
				0A33858515B0D0A2007B702E /* CPDictionaryProxyExample */,
			);
		};
/* End PBXProject section */

/* Begin PBXResourcesBuildPhase section */
		0A33858415B0D0A2007B702E /* Resources */ = {
			isa = PBXResourcesBuildPhase;
			buildActionMask = 2147483647;
			files = (
				0A33859515B0D0A2007B702E /* InfoPlist.strings in Resources */,
				0A3385A115B0D0A2007B702E /* CPViewController_iPhone.xib in Resources */,
				0A3385A415B0D0A2007B702E /* CPViewController_iPad.xib in Resources */,
				0A5B6EA515B3216600B86B0D /* ExamplePlist.plist in Resources */,
			);
			runOnlyForDeploymentPostprocessing = 0;
		};
/* End PBXResourcesBuildPhase section */

/* Begin PBXSourcesBuildPhase section */
		0A33858215B0D0A2007B702E /* Sources */ = {
			isa = PBXSourcesBuildPhase;
			buildActionMask = 2147483647;
			files = (
				0A33859715B0D0A2007B702E /* main.m in Sources */,
				0A33859B15B0D0A2007B702E /* CPAppDelegate.m in Sources */,
				0A33859E15B0D0A2007B702E /* CPViewController.m in Sources */,
				0A5B6EA815B321B100B86B0D /* CPDictionaryProxy.m in Sources */,
			);
			runOnlyForDeploymentPostprocessing = 0;
		};
/* End PBXSourcesBuildPhase section */

/* Begin PBXVariantGroup section */
		0A33859315B0D0A2007B702E /* InfoPlist.strings */ = {
			isa = PBXVariantGroup;
			children = (
				0A33859415B0D0A2007B702E /* en */,
			);
			name = InfoPlist.strings;
			sourceTree = "<group>";
		};
		0A33859F15B0D0A2007B702E /* CPViewController_iPhone.xib */ = {
			isa = PBXVariantGroup;
			children = (
				0A3385A015B0D0A2007B702E /* en */,
			);
			name = CPViewController_iPhone.xib;
			sourceTree = "<group>";
		};
		0A3385A215B0D0A2007B702E /* CPViewController_iPad.xib */ = {
			isa = PBXVariantGroup;
			children = (
				0A3385A315B0D0A2007B702E /* en */,
			);
			name = CPViewController_iPad.xib;
			sourceTree = "<group>";
		};
/* End PBXVariantGroup section */

/* Begin XCBuildConfiguration section */
		0A3385A515B0D0A2007B702E /* Debug */ = {
			isa = XCBuildConfiguration;
			buildSettings = {
				ALWAYS_SEARCH_USER_PATHS = NO;
				ARCHS = "$(ARCHS_STANDARD_32_BIT)";
				CLANG_ENABLE_OBJC_ARC = YES;
				"CODE_SIGN_IDENTITY[sdk=iphoneos*]" = "iPhone Developer";
				COPY_PHASE_STRIP = NO;
				GCC_C_LANGUAGE_STANDARD = gnu99;
				GCC_DYNAMIC_NO_PIC = NO;
				GCC_OPTIMIZATION_LEVEL = 0;
				GCC_PREPROCESSOR_DEFINITIONS = (
					"DEBUG=1",
					"$(inherited)",
				);
				GCC_SYMBOLS_PRIVATE_EXTERN = NO;
				GCC_VERSION = com.apple.compilers.llvm.clang.1_0;
				GCC_WARN_ABOUT_RETURN_TYPE = YES;
				GCC_WARN_UNINITIALIZED_AUTOS = YES;
				GCC_WARN_UNUSED_VARIABLE = YES;
				IPHONEOS_DEPLOYMENT_TARGET = 5.1;
				SDKROOT = iphoneos;
				TARGETED_DEVICE_FAMILY = "1,2";
			};
			name = Debug;
		};
		0A3385A615B0D0A2007B702E /* Release */ = {
			isa = XCBuildConfiguration;
			buildSettings = {
				ALWAYS_SEARCH_USER_PATHS = NO;
				ARCHS = "$(ARCHS_STANDARD_32_BIT)";
				CLANG_ENABLE_OBJC_ARC = YES;
				"CODE_SIGN_IDENTITY[sdk=iphoneos*]" = "iPhone Developer";
				COPY_PHASE_STRIP = YES;
				GCC_C_LANGUAGE_STANDARD = gnu99;
				GCC_VERSION = com.apple.compilers.llvm.clang.1_0;
				GCC_WARN_ABOUT_RETURN_TYPE = YES;
				GCC_WARN_UNINITIALIZED_AUTOS = YES;
				GCC_WARN_UNUSED_VARIABLE = YES;
				IPHONEOS_DEPLOYMENT_TARGET = 5.1;
				OTHER_CFLAGS = "-DNS_BLOCK_ASSERTIONS=1";
				SDKROOT = iphoneos;
				TARGETED_DEVICE_FAMILY = "1,2";
				VALIDATE_PRODUCT = YES;
			};
			name = Release;
		};
		0A3385A815B0D0A2007B702E /* Debug */ = {
			isa = XCBuildConfiguration;
			buildSettings = {
				GCC_PRECOMPILE_PREFIX_HEADER = YES;
				GCC_PREFIX_HEADER = "CPDictionaryProxyExample/CPDictionaryProxyExample-Prefix.pch";
				INFOPLIST_FILE = "CPDictionaryProxyExample/CPDictionaryProxyExample-Info.plist";
				PRODUCT_NAME = "$(TARGET_NAME)";
				WRAPPER_EXTENSION = app;
			};
			name = Debug;
		};
		0A3385A915B0D0A2007B702E /* Release */ = {
			isa = XCBuildConfiguration;
			buildSettings = {
				GCC_PRECOMPILE_PREFIX_HEADER = YES;
				GCC_PREFIX_HEADER = "CPDictionaryProxyExample/CPDictionaryProxyExample-Prefix.pch";
				INFOPLIST_FILE = "CPDictionaryProxyExample/CPDictionaryProxyExample-Info.plist";
				PRODUCT_NAME = "$(TARGET_NAME)";
				WRAPPER_EXTENSION = app;
			};
			name = Release;
		};
/* End XCBuildConfiguration section */

/* Begin XCConfigurationList section */
		0A33858015B0D0A2007B702E /* Build configuration list for PBXProject "CPDictionaryProxyExample" */ = {
			isa = XCConfigurationList;
			buildConfigurations = (
				0A3385A515B0D0A2007B702E /* Debug */,
				0A3385A615B0D0A2007B702E /* Release */,
			);
			defaultConfigurationIsVisible = 0;
			defaultConfigurationName = Release;
		};
		0A3385A715B0D0A2007B702E /* Build configuration list for PBXNativeTarget "CPDictionaryProxyExample" */ = {
			isa = XCConfigurationList;
			buildConfigurations = (
				0A3385A815B0D0A2007B702E /* Debug */,
				0A3385A915B0D0A2007B702E /* Release */,
			);
			defaultConfigurationIsVisible = 0;
			defaultConfigurationName = Release;
		};
/* End XCConfigurationList section */
	};
	rootObject = 0A33857D15B0D0A2007B702E /* Project object */;
}
